
Microsoft Visual Studio Solution File, Format Version 12.00
# Visual Studio Version 17
VisualStudioVersion = 17.7.34031.279
MinimumVisualStudioVersion = 10.0.40219.1
Project("{FAE04EC0-301F-11D3-BF4B-00C04F79EFBC}") = "FinalTask", "FinalTask\FinalTask.csproj", "{23A1C208-B177-4AE0-A08D-EBB981B555F6}"
EndProject
Global
	GlobalSection(SolutionConfigurationPlatforms) = preSolution
		Debug|Any CPU = Debug|Any CPU
		Release|Any CPU = Release|Any CPU
	EndGlobalSection
	GlobalSection(ProjectConfigurationPlatforms) = postSolution
		{23A1C208-B177-4AE0-A08D-EBB981B555F6}.Debug|Any CPU.ActiveCfg = Debug|Any CPU
		{23A1C208-B177-4AE0-A08D-EBB981B555F6}.Debug|Any CPU.Build.0 = Debug|Any CPU
		{23A1C208-B177-4AE0-A08D-EBB981B555F6}.Release|Any CPU.ActiveCfg = Release|Any CPU
		{23A1C208-B177-4AE0-A08D-EBB981B555F6}.Release|Any CPU.Build.0 = Release|Any CPU
	EndGlobalSection
	GlobalSection(SolutionProperties) = preSolution
		HideSolutionNode = FALSE
	EndGlobalSection
	GlobalSection(ExtensibilityGlobals) = postSolution
		SolutionGuid = {FC328740-8DAB-4FBD-92FA-D3E44350D62D}
	EndGlobalSection
EndGlobal
